
Microsoft Visual Studio Solution File, Format Version 12.00
# Visual Studio Version 16
VisualStudioVersion = 16.0.31702.278
MinimumVisualStudioVersion = 10.0.40219.1
Project("{FAE04EC0-301F-11D3-BF4B-00C04F79EFBC}") = "exp_4_Models", "exp_4_Models\exp_4_Models.csproj", "{5AB2353F-CA85-4435-866E-DD29B4CED284}"
EndProject
Global
	GlobalSection(SolutionConfigurationPlatforms) = preSolution
		Debug|Any CPU = Debug|Any CPU
		Release|Any CPU = Release|Any CPU
	EndGlobalSection
	GlobalSection(ProjectConfigurationPlatforms) = postSolution
		{5AB2353F-CA85-4435-866E-DD29B4CED284}.Debug|Any CPU.ActiveCfg = Debug|Any CPU
		{5AB2353F-CA85-4435-866E-DD29B4CED284}.Debug|Any CPU.Build.0 = Debug|Any CPU
		{5AB2353F-CA85-4435-866E-DD29B4CED284}.Release|Any CPU.ActiveCfg = Release|Any CPU
		{5AB2353F-CA85-4435-866E-DD29B4CED284}.Release|Any CPU.Build.0 = Release|Any CPU
	EndGlobalSection
	GlobalSection(SolutionProperties) = preSolution
		HideSolutionNode = FALSE
	EndGlobalSection
	GlobalSection(ExtensibilityGlobals) = postSolution
		SolutionGuid = {B9B10A66-B43C-4196-91F0-1E1596103340}
	EndGlobalSection
EndGlobal
